
Microsoft Visual Studio Solution File, Format Version 12.00
# Visual Studio Version 17
VisualStudioVersion = 17.0.31903.59
MinimumVisualStudioVersion = 10.0.40219.1
Project("{2150E333-8FDC-42A3-9474-1A3956D46DE8}") = "services", "services", "{5854FF58-B8C5-05C6-5BF2-ACE42193F22B}"
EndProject
Project("{2150E333-8FDC-42A3-9474-1A3956D46DE8}") = "authn", "authn", "{AAD241CA-2905-6148-EB6B-BAD1C5D67968}"
EndProject
Project("{2150E333-8FDC-42A3-9474-1A3956D46DE8}") = "src", "src", "{1A766145-5A2E-512A-F364-C995712AC75F}"
EndProject
Project("{FAE04EC0-301F-11D3-BF4B-00C04F79EFBC}") = "AuthSeparation.AuthN", "services\authn\src\AuthSeparation.AuthN\AuthSeparation.AuthN.csproj", "{95286ADC-B706-446D-9253-45727641AD43}"
EndProject
Project("{2150E333-8FDC-42A3-9474-1A3956D46DE8}") = "tests", "tests", "{B817CED7-32E5-C383-2AC0-6F507C1B67BE}"
EndProject
Project("{FAE04EC0-301F-11D3-BF4B-00C04F79EFBC}") = "AuthSeparation.AuthN.Tests", "services\authn\tests\AuthSeparation.AuthN.Tests\AuthSeparation.AuthN.Tests.csproj", "{A8C49EAD-E1C7-4B8B-8B0D-D5FC92F69CA8}"
EndProject
Project("{2150E333-8FDC-42A3-9474-1A3956D46DE8}") = "authz", "authz", "{1B711F32-0392-97AB-BA12-7821336B6D93}"
EndProject
Project("{2150E333-8FDC-42A3-9474-1A3956D46DE8}") = "src", "src", "{975B3C88-A635-E045-362B-D112B6C2F735}"
EndProject
Project("{FAE04EC0-301F-11D3-BF4B-00C04F79EFBC}") = "AuthSeparation.AuthZ", "services\authz\src\AuthSeparation.AuthZ\AuthSeparation.AuthZ.csproj", "{31DE8B59-1DED-4DB4-9F92-7A467F62A0E8}"
EndProject
Project("{2150E333-8FDC-42A3-9474-1A3956D46DE8}") = "testing", "testing", "{49553E37-D173-2377-81B1-8B47BFF69E41}"
EndProject
Project("{FAE04EC0-301F-11D3-BF4B-00C04F79EFBC}") = "AuthSeparation.Testing", "services\testing\AuthSeparation.Testing\AuthSeparation.Testing.csproj", "{79AE1076-E2C6-4C7E-81AB-CF86D3A81C5A}"
EndProject
Project("{2150E333-8FDC-42A3-9474-1A3956D46DE8}") = "tests", "tests", "{81724BD4-24A3-AA7D-3EF4-9116F85F805F}"
EndProject
Project("{FAE04EC0-301F-11D3-BF4B-00C04F79EFBC}") = "AuthSeparation.AuthZ.Tests", "services\authz\tests\AuthSeparation.AuthZ.Tests\AuthSeparation.AuthZ.Tests.csproj", "{00817E44-A667-44B1-A996-836CC5FED65F}"
EndProject
Project("{2150E333-8FDC-42A3-9474-1A3956D46DE8}") = "userinfo", "userinfo", "{28C9C81E-00FE-727A-F1C9-9B4764670197}"
EndProject
Project("{2150E333-8FDC-42A3-9474-1A3956D46DE8}") = "src", "src", "{9F386FB2-9EBE-FD41-99B9-67022B5E03F6}"
EndProject
Project("{FAE04EC0-301F-11D3-BF4B-00C04F79EFBC}") = "AuthSeparation.UserInfo", "services\userinfo\src\AuthSeparation.UserInfo\AuthSeparation.UserInfo.csproj", "{50CB822C-1B68-4B62-9105-7E25CE8AFD9A}"
EndProject
Project("{2150E333-8FDC-42A3-9474-1A3956D46DE8}") = "tests", "tests", "{07E1C16A-1AC5-FAFE-FF26-122EA54ED137}"
EndProject
Project("{FAE04EC0-301F-11D3-BF4B-00C04F79EFBC}") = "AuthSeparation.UserInfo.Tests", "services\userinfo\tests\AuthSeparation.UserInfo.Tests\AuthSeparation.UserInfo.Tests.csproj", "{F293A247-03A6-40B8-AF9A-E14DF057CCCE}"
EndProject
Global
	GlobalSection(SolutionConfigurationPlatforms) = preSolution
		Debug|Any CPU = Debug|Any CPU
		Debug|x64 = Debug|x64
		Debug|x86 = Debug|x86
		Release|Any CPU = Release|Any CPU
		Release|x64 = Release|x64
		Release|x86 = Release|x86
	EndGlobalSection
	GlobalSection(ProjectConfigurationPlatforms) = postSolution
		{95286ADC-B706-446D-9253-45727641AD43}.Debug|Any CPU.ActiveCfg = Debug|Any CPU
		{95286ADC-B706-446D-9253-45727641AD43}.Debug|Any CPU.Build.0 = Debug|Any CPU
		{95286ADC-B706-446D-9253-45727641AD43}.Debug|x64.ActiveCfg = Debug|Any CPU
		{95286ADC-B706-446D-9253-45727641AD43}.Debug|x64.Build.0 = Debug|Any CPU
		{95286ADC-B706-446D-9253-45727641AD43}.Debug|x86.ActiveCfg = Debug|Any CPU
		{95286ADC-B706-446D-9253-45727641AD43}.Debug|x86.Build.0 = Debug|Any CPU
		{95286ADC-B706-446D-9253-45727641AD43}.Release|Any CPU.ActiveCfg = Release|Any CPU
		{95286ADC-B706-446D-9253-45727641AD43}.Release|Any CPU.Build.0 = Release|Any CPU
		{95286ADC-B706-446D-9253-45727641AD43}.Release|x64.ActiveCfg = Release|Any CPU
		{95286ADC-B706-446D-9253-45727641AD43}.Release|x64.Build.0 = Release|Any CPU
		{95286ADC-B706-446D-9253-45727641AD43}.Release|x86.ActiveCfg = Release|Any CPU
		{95286ADC-B706-446D-9253-45727641AD43}.Release|x86.Build.0 = Release|Any CPU
		{A8C49EAD-E1C7-4B8B-8B0D-D5FC92F69CA8}.Debug|Any CPU.ActiveCfg = Debug|Any CPU
		{A8C49EAD-E1C7-4B8B-8B0D-D5FC92F69CA8}.Debug|Any CPU.Build.0 = Debug|Any CPU
		{A8C49EAD-E1C7-4B8B-8B0D-D5FC92F69CA8}.Debug|x64.ActiveCfg = Debug|Any CPU
		{A8C49EAD-E1C7-4B8B-8B0D-D5FC92F69CA8}.Debug|x64.Build.0 = Debug|Any CPU
		{A8C49EAD-E1C7-4B8B-8B0D-D5FC92F69CA8}.Debug|x86.ActiveCfg = Debug|Any CPU
		{A8C49EAD-E1C7-4B8B-8B0D-D5FC92F69CA8}.Debug|x86.Build.0 = Debug|Any CPU
		{A8C49EAD-E1C7-4B8B-8B0D-D5FC92F69CA8}.Release|Any CPU.ActiveCfg = Release|Any CPU
		{A8C49EAD-E1C7-4B8B-8B0D-D5FC92F69CA8}.Release|Any CPU.Build.0 = Release|Any CPU
		{A8C49EAD-E1C7-4B8B-8B0D-D5FC92F69CA8}.Release|x64.ActiveCfg = Release|Any CPU
		{A8C49EAD-E1C7-4B8B-8B0D-D5FC92F69CA8}.Release|x64.Build.0 = Release|Any CPU
		{A8C49EAD-E1C7-4B8B-8B0D-D5FC92F69CA8}.Release|x86.ActiveCfg = Release|Any CPU
		{A8C49EAD-E1C7-4B8B-8B0D-D5FC92F69CA8}.Release|x86.Build.0 = Release|Any CPU
		{31DE8B59-1DED-4DB4-9F92-7A467F62A0E8}.Debug|Any CPU.ActiveCfg = Debug|Any CPU
		{31DE8B59-1DED-4DB4-9F92-7A467F62A0E8}.Debug|Any CPU.Build.0 = Debug|Any CPU
		{31DE8B59-1DED-4DB4-9F92-7A467F62A0E8}.Debug|x64.ActiveCfg = Debug|Any CPU
		{31DE8B59-1DED-4DB4-9F92-7A467F62A0E8}.Debug|x64.Build.0 = Debug|Any CPU
		{31DE8B59-1DED-4DB4-9F92-7A467F62A0E8}.Debug|x86.ActiveCfg = Debug|Any CPU
		{31DE8B59-1DED-4DB4-9F92-7A467F62A0E8}.Debug|x86.Build.0 = Debug|Any CPU
		{31DE8B59-1DED-4DB4-9F92-7A467F62A0E8}.Release|Any CPU.ActiveCfg = Release|Any CPU
		{31DE8B59-1DED-4DB4-9F92-7A467F62A0E8}.Release|Any CPU.Build.0 = Release|Any CPU
		{31DE8B59-1DED-4DB4-9F92-7A467F62A0E8}.Release|x64.ActiveCfg = Release|Any CPU
		{31DE8B59-1DED-4DB4-9F92-7A467F62A0E8}.Release|x64.Build.0 = Release|Any CPU
		{31DE8B59-1DED-4DB4-9F92-7A467F62A0E8}.Release|x86.ActiveCfg = Release|Any CPU
		{31DE8B59-1DED-4DB4-9F92-7A467F62A0E8}.Release|x86.Build.0 = Release|Any CPU
		{79AE1076-E2C6-4C7E-81AB-CF86D3A81C5A}.Debug|Any CPU.ActiveCfg = Debug|Any CPU
		{79AE1076-E2C6-4C7E-81AB-CF86D3A81C5A}.Debug|Any CPU.Build.0 = Debug|Any CPU
		{79AE1076-E2C6-4C7E-81AB-CF86D3A81C5A}.Debug|x64.ActiveCfg = Debug|Any CPU
		{79AE1076-E2C6-4C7E-81AB-CF86D3A81C5A}.Debug|x64.Build.0 = Debug|Any CPU
		{79AE1076-E2C6-4C7E-81AB-CF86D3A81C5A}.Debug|x86.ActiveCfg = Debug|Any CPU
		{79AE1076-E2C6-4C7E-81AB-CF86D3A81C5A}.Debug|x86.Build.0 = Debug|Any CPU
		{79AE1076-E2C6-4C7E-81AB-CF86D3A81C5A}.Release|Any CPU.ActiveCfg = Release|Any CPU
		{79AE1076-E2C6-4C7E-81AB-CF86D3A81C5A}.Release|Any CPU.Build.0 = Release|Any CPU
		{79AE1076-E2C6-4C7E-81AB-CF86D3A81C5A}.Release|x64.ActiveCfg = Release|Any CPU
		{79AE1076-E2C6-4C7E-81AB-CF86D3A81C5A}.Release|x64.Build.0 = Release|Any CPU
		{79AE1076-E2C6-4C7E-81AB-CF86D3A81C5A}.Release|x86.ActiveCfg = Release|Any CPU
		{79AE1076-E2C6-4C7E-81AB-CF86D3A81C5A}.Release|x86.Build.0 = Release|Any CPU
		{00817E44-A667-44B1-A996-836CC5FED65F}.Debug|Any CPU.ActiveCfg = Debug|Any CPU
		{00817E44-A667-44B1-A996-836CC5FED65F}.Debug|Any CPU.Build.0 = Debug|Any CPU
		{00817E44-A667-44B1-A996-836CC5FED65F}.Debug|x64.ActiveCfg = Debug|Any CPU
		{00817E44-A667-44B1-A996-836CC5FED65F}.Debug|x64.Build.0 = Debug|Any CPU
		{00817E44-A667-44B1-A996-836CC5FED65F}.Debug|x86.ActiveCfg = Debug|Any CPU
		{00817E44-A667-44B1-A996-836CC5FED65F}.Debug|x86.Build.0 = Debug|Any CPU
		{00817E44-A667-44B1-A996-836CC5FED65F}.Release|Any CPU.ActiveCfg = Release|Any CPU
		{00817E44-A667-44B1-A996-836CC5FED65F}.Release|Any CPU.Build.0 = Release|Any CPU
		{00817E44-A667-44B1-A996-836CC5FED65F}.Release|x64.ActiveCfg = Release|Any CPU
		{00817E44-A667-44B1-A996-836CC5FED65F}.Release|x64.Build.0 = Release|Any CPU
		{00817E44-A667-44B1-A996-836CC5FED65F}.Release|x86.ActiveCfg = Release|Any CPU
		{00817E44-A667-44B1-A996-836CC5FED65F}.Release|x86.Build.0 = Release|Any CPU
		{50CB822C-1B68-4B62-9105-7E25CE8AFD9A}.Debug|Any CPU.ActiveCfg = Debug|Any CPU
		{50CB822C-1B68-4B62-9105-7E25CE8AFD9A}.Debug|Any CPU.Build.0 = Debug|Any CPU
		{50CB822C-1B68-4B62-9105-7E25CE8AFD9A}.Debug|x64.ActiveCfg = Debug|Any CPU
		{50CB822C-1B68-4B62-9105-7E25CE8AFD9A}.Debug|x64.Build.0 = Debug|Any CPU
		{50CB822C-1B68-4B62-9105-7E25CE8AFD9A}.Debug|x86.ActiveCfg = Debug|Any CPU
		{50CB822C-1B68-4B62-9105-7E25CE8AFD9A}.Debug|x86.Build.0 = Debug|Any CPU
		{50CB822C-1B68-4B62-9105-7E25CE8AFD9A}.Release|Any CPU.ActiveCfg = Release|Any CPU
		{50CB822C-1B68-4B62-9105-7E25CE8AFD9A}.Release|Any CPU.Build.0 = Release|Any CPU
		{50CB822C-1B68-4B62-9105-7E25CE8AFD9A}.Release|x64.ActiveCfg = Release|Any CPU
		{50CB822C-1B68-4B62-9105-7E25CE8AFD9A}.Release|x64.Build.0 = Release|Any CPU
		{50CB822C-1B68-4B62-9105-7E25CE8AFD9A}.Release|x86.ActiveCfg = Release|Any CPU
		{50CB822C-1B68-4B62-9105-7E25CE8AFD9A}.Release|x86.Build.0 = Release|Any CPU
		{F293A247-03A6-40B8-AF9A-E14DF057CCCE}.Debug|Any CPU.ActiveCfg = Debug|Any CPU
		{F293A247-03A6-40B8-AF9A-E14DF057CCCE}.Debug|Any CPU.Build.0 = Debug|Any CPU
		{F293A247-03A6-40B8-AF9A-E14DF057CCCE}.Debug|x64.ActiveCfg = Debug|Any CPU
		{F293A247-03A6-40B8-AF9A-E14DF057CCCE}.Debug|x64.Build.0 = Debug|Any CPU
		{F293A247-03A6-40B8-AF9A-E14DF057CCCE}.Debug|x86.ActiveCfg = Debug|Any CPU
		{F293A247-03A6-40B8-AF9A-E14DF057CCCE}.Debug|x86.Build.0 = Debug|Any CPU
		{F293A247-03A6-40B8-AF9A-E14DF057CCCE}.Release|Any CPU.ActiveCfg = Release|Any CPU
		{F293A247-03A6-40B8-AF9A-E14DF057CCCE}.Release|Any CPU.Build.0 = Release|Any CPU
		{F293A247-03A6-40B8-AF9A-E14DF057CCCE}.Release|x64.ActiveCfg = Release|Any CPU
		{F293A247-03A6-40B8-AF9A-E14DF057CCCE}.Release|x64.Build.0 = Release|Any CPU
		{F293A247-03A6-40B8-AF9A-E14DF057CCCE}.Release|x86.ActiveCfg = Release|Any CPU
		{F293A247-03A6-40B8-AF9A-E14DF057CCCE}.Release|x86.Build.0 = Release|Any CPU
	EndGlobalSection
	GlobalSection(SolutionProperties) = preSolution
		HideSolutionNode = FALSE
	EndGlobalSection
	GlobalSection(NestedProjects) = preSolution
		{AAD241CA-2905-6148-EB6B-BAD1C5D67968} = {5854FF58-B8C5-05C6-5BF2-ACE42193F22B}
		{1A766145-5A2E-512A-F364-C995712AC75F} = {AAD241CA-2905-6148-EB6B-BAD1C5D67968}
		{95286ADC-B706-446D-9253-45727641AD43} = {1A766145-5A2E-512A-F364-C995712AC75F}
		{B817CED7-32E5-C383-2AC0-6F507C1B67BE} = {AAD241CA-2905-6148-EB6B-BAD1C5D67968}
		{A8C49EAD-E1C7-4B8B-8B0D-D5FC92F69CA8} = {B817CED7-32E5-C383-2AC0-6F507C1B67BE}
		{1B711F32-0392-97AB-BA12-7821336B6D93} = {5854FF58-B8C5-05C6-5BF2-ACE42193F22B}
		{975B3C88-A635-E045-362B-D112B6C2F735} = {1B711F32-0392-97AB-BA12-7821336B6D93}
		{31DE8B59-1DED-4DB4-9F92-7A467F62A0E8} = {975B3C88-A635-E045-362B-D112B6C2F735}
		{49553E37-D173-2377-81B1-8B47BFF69E41} = {5854FF58-B8C5-05C6-5BF2-ACE42193F22B}
		{79AE1076-E2C6-4C7E-81AB-CF86D3A81C5A} = {49553E37-D173-2377-81B1-8B47BFF69E41}
		{81724BD4-24A3-AA7D-3EF4-9116F85F805F} = {1B711F32-0392-97AB-BA12-7821336B6D93}
		{00817E44-A667-44B1-A996-836CC5FED65F} = {81724BD4-24A3-AA7D-3EF4-9116F85F805F}
		{28C9C81E-00FE-727A-F1C9-9B4764670197} = {5854FF58-B8C5-05C6-5BF2-ACE42193F22B}
		{9F386FB2-9EBE-FD41-99B9-67022B5E03F6} = {28C9C81E-00FE-727A-F1C9-9B4764670197}
		{50CB822C-1B68-4B62-9105-7E25CE8AFD9A} = {9F386FB2-9EBE-FD41-99B9-67022B5E03F6}
		{07E1C16A-1AC5-FAFE-FF26-122EA54ED137} = {28C9C81E-00FE-727A-F1C9-9B4764670197}
		{F293A247-03A6-40B8-AF9A-E14DF057CCCE} = {07E1C16A-1AC5-FAFE-FF26-122EA54ED137}
	EndGlobalSection
EndGlobal
